Microsoft Visual Studio Solution File, Format Version 12.00
# Visual Studio Version 17
VisualStudioVersion = 17.5.2.0
MinimumVisualStudioVersion = 10.0.40219.1
Project("{FAE04EC0-301F-11D3-BF4B-00C04F79EFBC}") = "JC.Play.Catalog.Service", "JC.Play.Catalog.Service.csproj", "{4E7D0F42-39EE-A8C2-7514-2036E6793BB0}"
EndProject
Global
	GlobalSection(SolutionConfigurationPlatforms) = preSolution
		Debug|Any CPU = Debug|Any CPU
		Release|Any CPU = Release|Any CPU
	EndGlobalSection
	GlobalSection(ProjectConfigurationPlatforms) = postSolution
		{4E7D0F42-39EE-A8C2-7514-2036E6793BB0}.Debug|Any CPU.ActiveCfg = Debug|Any CPU
		{4E7D0F42-39EE-A8C2-7514-2036E6793BB0}.Debug|Any CPU.Build.0 = Debug|Any CPU
		{4E7D0F42-39EE-A8C2-7514-2036E6793BB0}.Release|Any CPU.ActiveCfg = Release|Any CPU
		{4E7D0F42-39EE-A8C2-7514-2036E6793BB0}.Release|Any CPU.Build.0 = Release|Any CPU
	EndGlobalSection
	GlobalSection(SolutionProperties) = preSolution
		HideSolutionNode = FALSE
	EndGlobalSection
	GlobalSection(ExtensibilityGlobals) = postSolution
		SolutionGuid = {0D744498-117E-4B82-AF04-A6BA6692EB64}
	EndGlobalSection
EndGlobal
