
Microsoft Visual Studio Solution File, Format Version 12.00
# Visual Studio Version 18
VisualStudioVersion = 18.0.11018.127
MinimumVisualStudioVersion = 10.0.40219.1
Project("{FAE04EC0-301F-11D3-BF4B-00C04F79EFBC}") = "LP-Authentication", "LearningPartner\LP-Authentication\LP-Authentication.csproj", "{D9D2B0CA-5EC9-4A01-9C93-DE1217122EE6}"
EndProject
Project("{54A90642-561A-4BB1-A94E-469ADEE60C69}") = "lp-authentication.client", "LearningPartner\lp-authentication.client\lp-authentication.client.esproj", "{2FE6D280-9FBE-3C4F-FAD8-5EA8E70BC2AF}"
EndProject
Project("{FAE04EC0-301F-11D3-BF4B-00C04F79EFBC}") = "Linq", "Linq\Linq.csproj", "{86187E87-C552-4D3C-890C-F969CC3B2C40}"
EndProject
Project("{FAE04EC0-301F-11D3-BF4B-00C04F79EFBC}") = "PG.MyMediatR.WebApi", "PatrickGod\PG.MyMediatR.WebApi\PG.MyMediatR.WebApi.csproj", "{57171AB8-C1B7-4374-9C3D-68A3F5DF795D}"
EndProject
Project("{FAE04EC0-301F-11D3-BF4B-00C04F79EFBC}") = "LJ.MS.PlatformService", "LesJackson\dorNetMicroservices\LJ.MS.PlatformService\LJ.MS.PlatformService.csproj", "{7CB32C90-3E68-4680-BBFE-8ACF4AA869F7}"
EndProject
Project("{FAE04EC0-301F-11D3-BF4B-00C04F79EFBC}") = "AM.CoreIdentity.Api", "AntonMartyniuk\CoreIdentity\AM.CoreIdentity.Api\AM.CoreIdentity.Api.csproj", "{C0469D37-3854-4FCD-8C36-A9B6A330F1A8}"
EndProject
Project("{FAE04EC0-301F-11D3-BF4B-00C04F79EFBC}") = "AM.CoreIdentity.Domain", "AntonMartyniuk\CoreIdentity\AM.CoreIdentity.Domain\AM.CoreIdentity.Domain.csproj", "{3E328DEA-7352-425A-8DF0-BF87D312C561}"
EndProject
Project("{FAE04EC0-301F-11D3-BF4B-00C04F79EFBC}") = "AM.CoreIdentity.Infrastructure", "AntonMartyniuk\CoreIdentity\AM.CoreIdentity.Infrastructure\AM.CoreIdentity.Infrastructure.csproj", "{098CB0A5-D53B-4D4B-BA72-68045B3D204F}"
EndProject
Project("{FAE04EC0-301F-11D3-BF4B-00C04F79EFBC}") = "JC.Play.Catalog.Service", "JulioCasal\Microservices\Play.Catalog\JC.Play.Catalog.Service\JC.Play.Catalog.Service.csproj", "{11FD572F-455F-4051-B2A9-886905752D3B}"
EndProject
Project("{FAE04EC0-301F-11D3-BF4B-00C04F79EFBC}") = "JC.Play.Common", "JulioCasal\Microservices\Play.Common\src\JC.Play.Common\JC.Play.Common.csproj", "{DF2CBEE5-A0F4-754A-C309-C9F824820922}"
EndProject
Project("{FAE04EC0-301F-11D3-BF4B-00C04F79EFBC}") = "JC.Play.Inventory.Service", "JulioCasal\Microservices\Play.Inventory\JC.Play.Inventory.Service\JC.Play.Inventory.Service.csproj", "{DB30695A-7730-5D37-91F7-FEE6663507FA}"
EndProject
Project("{FAE04EC0-301F-11D3-BF4B-00C04F79EFBC}") = "JC.Play.Catalog.Contracts", "JulioCasal\Microservices\Play.Catalog\JC.Play.Catalog.Contracts\JC.Play.Catalog.Contracts.csproj", "{6F2CC727-B323-6DF5-4F69-A7381E026FA3}"
EndProject
Global
	GlobalSection(SolutionConfigurationPlatforms) = preSolution
		Debug|Any CPU = Debug|Any CPU
		Release|Any CPU = Release|Any CPU
	EndGlobalSection
	GlobalSection(ProjectConfigurationPlatforms) = postSolution
		{D9D2B0CA-5EC9-4A01-9C93-DE1217122EE6}.Debug|Any CPU.ActiveCfg = Debug|Any CPU
		{D9D2B0CA-5EC9-4A01-9C93-DE1217122EE6}.Debug|Any CPU.Build.0 = Debug|Any CPU
		{D9D2B0CA-5EC9-4A01-9C93-DE1217122EE6}.Release|Any CPU.ActiveCfg = Release|Any CPU
		{D9D2B0CA-5EC9-4A01-9C93-DE1217122EE6}.Release|Any CPU.Build.0 = Release|Any CPU
		{2FE6D280-9FBE-3C4F-FAD8-5EA8E70BC2AF}.Debug|Any CPU.ActiveCfg = Debug|Any CPU
		{2FE6D280-9FBE-3C4F-FAD8-5EA8E70BC2AF}.Debug|Any CPU.Build.0 = Debug|Any CPU
		{2FE6D280-9FBE-3C4F-FAD8-5EA8E70BC2AF}.Debug|Any CPU.Deploy.0 = Debug|Any CPU
		{2FE6D280-9FBE-3C4F-FAD8-5EA8E70BC2AF}.Release|Any CPU.ActiveCfg = Release|Any CPU
		{2FE6D280-9FBE-3C4F-FAD8-5EA8E70BC2AF}.Release|Any CPU.Build.0 = Release|Any CPU
		{2FE6D280-9FBE-3C4F-FAD8-5EA8E70BC2AF}.Release|Any CPU.Deploy.0 = Release|Any CPU
		{86187E87-C552-4D3C-890C-F969CC3B2C40}.Debug|Any CPU.ActiveCfg = Debug|Any CPU
		{86187E87-C552-4D3C-890C-F969CC3B2C40}.Debug|Any CPU.Build.0 = Debug|Any CPU
		{86187E87-C552-4D3C-890C-F969CC3B2C40}.Release|Any CPU.ActiveCfg = Release|Any CPU
		{86187E87-C552-4D3C-890C-F969CC3B2C40}.Release|Any CPU.Build.0 = Release|Any CPU
		{57171AB8-C1B7-4374-9C3D-68A3F5DF795D}.Debug|Any CPU.ActiveCfg = Debug|Any CPU
		{57171AB8-C1B7-4374-9C3D-68A3F5DF795D}.Debug|Any CPU.Build.0 = Debug|Any CPU
		{57171AB8-C1B7-4374-9C3D-68A3F5DF795D}.Release|Any CPU.ActiveCfg = Release|Any CPU
		{57171AB8-C1B7-4374-9C3D-68A3F5DF795D}.Release|Any CPU.Build.0 = Release|Any CPU
		{7CB32C90-3E68-4680-BBFE-8ACF4AA869F7}.Debug|Any CPU.ActiveCfg = Debug|Any CPU
		{7CB32C90-3E68-4680-BBFE-8ACF4AA869F7}.Debug|Any CPU.Build.0 = Debug|Any CPU
		{7CB32C90-3E68-4680-BBFE-8ACF4AA869F7}.Release|Any CPU.ActiveCfg = Release|Any CPU
		{7CB32C90-3E68-4680-BBFE-8ACF4AA869F7}.Release|Any CPU.Build.0 = Release|Any CPU
		{C0469D37-3854-4FCD-8C36-A9B6A330F1A8}.Debug|Any CPU.ActiveCfg = Debug|Any CPU
		{C0469D37-3854-4FCD-8C36-A9B6A330F1A8}.Debug|Any CPU.Build.0 = Debug|Any CPU
		{C0469D37-3854-4FCD-8C36-A9B6A330F1A8}.Release|Any CPU.ActiveCfg = Release|Any CPU
		{C0469D37-3854-4FCD-8C36-A9B6A330F1A8}.Release|Any CPU.Build.0 = Release|Any CPU
		{3E328DEA-7352-425A-8DF0-BF87D312C561}.Debug|Any CPU.ActiveCfg = Debug|Any CPU
		{3E328DEA-7352-425A-8DF0-BF87D312C561}.Debug|Any CPU.Build.0 = Debug|Any CPU
		{3E328DEA-7352-425A-8DF0-BF87D312C561}.Release|Any CPU.ActiveCfg = Release|Any CPU
		{3E328DEA-7352-425A-8DF0-BF87D312C561}.Release|Any CPU.Build.0 = Release|Any CPU
		{098CB0A5-D53B-4D4B-BA72-68045B3D204F}.Debug|Any CPU.ActiveCfg = Debug|Any CPU
		{098CB0A5-D53B-4D4B-BA72-68045B3D204F}.Debug|Any CPU.Build.0 = Debug|Any CPU
		{098CB0A5-D53B-4D4B-BA72-68045B3D204F}.Release|Any CPU.ActiveCfg = Release|Any CPU
		{098CB0A5-D53B-4D4B-BA72-68045B3D204F}.Release|Any CPU.Build.0 = Release|Any CPU
		{11FD572F-455F-4051-B2A9-886905752D3B}.Debug|Any CPU.ActiveCfg = Debug|Any CPU
		{11FD572F-455F-4051-B2A9-886905752D3B}.Debug|Any CPU.Build.0 = Debug|Any CPU
		{11FD572F-455F-4051-B2A9-886905752D3B}.Release|Any CPU.ActiveCfg = Release|Any CPU
		{11FD572F-455F-4051-B2A9-886905752D3B}.Release|Any CPU.Build.0 = Release|Any CPU
		{DF2CBEE5-A0F4-754A-C309-C9F824820922}.Debug|Any CPU.ActiveCfg = Debug|Any CPU
		{DF2CBEE5-A0F4-754A-C309-C9F824820922}.Debug|Any CPU.Build.0 = Debug|Any CPU
		{DF2CBEE5-A0F4-754A-C309-C9F824820922}.Release|Any CPU.ActiveCfg = Release|Any CPU
		{DF2CBEE5-A0F4-754A-C309-C9F824820922}.Release|Any CPU.Build.0 = Release|Any CPU
		{DB30695A-7730-5D37-91F7-FEE6663507FA}.Debug|Any CPU.ActiveCfg = Debug|Any CPU
		{DB30695A-7730-5D37-91F7-FEE6663507FA}.Debug|Any CPU.Build.0 = Debug|Any CPU
		{DB30695A-7730-5D37-91F7-FEE6663507FA}.Release|Any CPU.ActiveCfg = Release|Any CPU
		{DB30695A-7730-5D37-91F7-FEE6663507FA}.Release|Any CPU.Build.0 = Release|Any CPU
		{6F2CC727-B323-6DF5-4F69-A7381E026FA3}.Debug|Any CPU.ActiveCfg = Debug|Any CPU
		{6F2CC727-B323-6DF5-4F69-A7381E026FA3}.Debug|Any CPU.Build.0 = Debug|Any CPU
		{6F2CC727-B323-6DF5-4F69-A7381E026FA3}.Release|Any CPU.ActiveCfg = Release|Any CPU
		{6F2CC727-B323-6DF5-4F69-A7381E026FA3}.Release|Any CPU.Build.0 = Release|Any CPU
	EndGlobalSection
	GlobalSection(SolutionProperties) = preSolution
		HideSolutionNode = FALSE
	EndGlobalSection
	GlobalSection(ExtensibilityGlobals) = postSolution
		SolutionGuid = {E15B0F7E-5E9E-4FC8-8E33-A8F6F4D9299B}
	EndGlobalSection
EndGlobal
