<Solution>
  <Project Path="../../../ECommerceMicroservices/eCommerce.SharedLibrary/eCommerce.SharedLibrary.csproj" />
  <Project Path="../../../ECommerceMicroservices/ProductApi.Application/ProductApi.Application.csproj" />
  <Project Path="../../../ECommerceMicroservices/ProductApi.Domain/ProductApi.Domain.csproj" />
  <Project Path="../../../ECommerceMicroservices/ProductApi.Infrastructure/ProductApi.Infrastructure.csproj" />
  <Project Path="../../../ECommerceMicroservices/ProductApi.Presentation/ProductApi.Presentation.csproj" />
</Solution>
